
Microsoft Visual Studio Solution File, Format Version 12.00
# Visual Studio Version 16
VisualStudioVersion = 16.0.29102.190
MinimumVisualStudioVersion = 10.0.40219.1
Project("{8BC9CEB8-8B4A-11D0-8D11-00A0C91BC942}") = "Simulator", "Simulator\Simulator.vcxproj", "{F2369282-8D8D-470E-AB3B-F0271B2EDD7E}"
EndProject
Project("{8BC9CEB8-8B4A-11D0-8D11-00A0C91BC942}") = "KA-31 NEO", "KA-31 NEO\KA-31 NEO.vcxproj", "{44E4A7D0-7A28-42B8-B105-283A45B20F19}"
EndProject
Global
	GlobalSection(SolutionConfigurationPlatforms) = preSolution
		Debug|x64 = Debug|x64
		Debug|x86 = Debug|x86
		Release|x64 = Release|x64
		Release|x86 = Release|x86
	EndGlobalSection
	GlobalSection(ProjectConfigurationPlatforms) = postSolution
		{F2369282-8D8D-470E-AB3B-F0271B2EDD7E}.Debug|x64.ActiveCfg = Debug|x64
		{F2369282-8D8D-470E-AB3B-F0271B2EDD7E}.Debug|x64.Build.0 = Debug|x64
		{F2369282-8D8D-470E-AB3B-F0271B2EDD7E}.Debug|x86.ActiveCfg = Debug|x64
		{F2369282-8D8D-470E-AB3B-F0271B2EDD7E}.Release|x64.ActiveCfg = Release|x64
		{F2369282-8D8D-470E-AB3B-F0271B2EDD7E}.Release|x64.Build.0 = Release|x64
		{F2369282-8D8D-470E-AB3B-F0271B2EDD7E}.Release|x86.ActiveCfg = Release|x64
		{44E4A7D0-7A28-42B8-B105-283A45B20F19}.Debug|x64.ActiveCfg = Debug|x64
		{44E4A7D0-7A28-42B8-B105-283A45B20F19}.Debug|x64.Build.0 = Debug|x64
		{44E4A7D0-7A28-42B8-B105-283A45B20F19}.Debug|x86.ActiveCfg = Debug|Win32
		{44E4A7D0-7A28-42B8-B105-283A45B20F19}.Debug|x86.Build.0 = Debug|Win32
		{44E4A7D0-7A28-42B8-B105-283A45B20F19}.Release|x64.ActiveCfg = Release|x64
		{44E4A7D0-7A28-42B8-B105-283A45B20F19}.Release|x64.Build.0 = Release|x64
		{44E4A7D0-7A28-42B8-B105-283A45B20F19}.Release|x86.ActiveCfg = Release|Win32
		{44E4A7D0-7A28-42B8-B105-283A45B20F19}.Release|x86.Build.0 = Release|Win32
	EndGlobalSection
	GlobalSection(SolutionProperties) = preSolution
		HideSolutionNode = FALSE
	EndGlobalSection
	GlobalSection(ExtensibilityGlobals) = postSolution
		SolutionGuid = {A52700E7-5C48-4549-A4A4-513F675BEC15}
	EndGlobalSection
EndGlobal
