<?xml version="1.0" encoding="utf-8"?>
<Project ToolsVersion="4.0" xmlns="http://schemas.microsoft.com/developer/msbuild/2003">
  <ItemGroup>
    <Filter Include="Simulator">
      <UniqueIdentifier>{e1357c8a-3c39-4a3d-8055-4bb7c6ef1f7e}</UniqueIdentifier>
    </Filter>
    <Filter Include="Engine">
      <UniqueIdentifier>{f31f4c12-9a9f-4241-8566-610eaae72767}</UniqueIdentifier>
    </Filter>
    <Filter Include="Setting">
      <UniqueIdentifier>{ae64ee8f-a84a-4f43-afbb-e6ebc8366314}</UniqueIdentifier>
    </Filter>
  </ItemGroup>
  <ItemGroup>
    <None Include="Engine\interface.hpp">
      <Filter>Engine</Filter>
    </None>
  </ItemGroup>
  <ItemGroup>
    <ClInclude Include="Simulator\panel.hpp">
      <Filter>Simulator</Filter>
    </ClInclude>
    <ClInclude Include="Simulator\score.hpp">
      <Filter>Simulator</Filter>
    </ClInclude>
    <ClInclude Include="Simulator\score_manager.hpp">
      <Filter>Simulator</Filter>
    </ClInclude>
    <ClInclude Include="Simulator\agent.hpp">
      <Filter>Simulator</Filter>
    </ClInclude>
    <ClInclude Include="Simulator\agent_manager.hpp">
      <Filter>Simulator</Filter>
    </ClInclude>
    <ClInclude Include="Simulator\field.hpp">
      <Filter>Simulator</Filter>
    </ClInclude>
    <ClInclude Include="Simulator\stage.hpp">
      <Filter>Simulator</Filter>
    </ClInclude>
    <ClInclude Include="action_id.hpp" />
    <ClInclude Include="direction.hpp" />
    <ClInclude Include="position.hpp" />
    <ClInclude Include="size.hpp" />
    <ClInclude Include="tile_id.hpp" />
    <ClInclude Include="team_id.hpp" />
    <ClInclude Include="command.hpp" />
    <ClInclude Include="Setting\writer.hpp">
      <Filter>Setting</Filter>
    </ClInclude>
    <ClInclude Include="Setting\data.hpp">
      <Filter>Setting</Filter>
    </ClInclude>
    <ClInclude Include="Setting\data_info.hpp">
      <Filter>Setting</Filter>
    </ClInclude>
    <ClInclude Include="Setting\reader.hpp">
      <Filter>Setting</Filter>
    </ClInclude>
    <ClInclude Include="Engine\instance.hpp">
      <Filter>Engine</Filter>
    </ClInclude>
  </ItemGroup>
  <ItemGroup>
    <ClCompile Include="main.cpp" />
    <ClCompile Include="Setting\writer.cpp">
      <Filter>Setting</Filter>
    </ClCompile>
    <ClCompile Include="Setting\reader.cpp">
      <Filter>Setting</Filter>
    </ClCompile>
  </ItemGroup>
</Project>